{
  "lockfileVersion": 1,
  "configVersion": 1,
  "workspaces": {
    "": {
      "dependencies": {
        "@asteasolutions/zod-to-openapi": "^8.4.0",
        "@gest/framework": "npm:@jsr/gest__framework",
      },
    },
  },
  "packages": {
    "@asteasolutions/zod-to-openapi": ["@asteasolutions/zod-to-openapi@8.4.0", "", { "dependencies": { "openapi3-ts": "^4.1.2" }, "peerDependencies": { "zod": "^4.0.0" } }, "sha512-Ckp971tmTw4pnv+o7iK85ldBHBKk6gxMaoNyLn3c2Th/fKoTG8G3jdYuOanpdGqwlDB0z01FOjry2d32lfTqrA=="],

    "@gest/framework": ["@jsr/gest__framework@0.1.10", "https://npm.jsr.io/~/11/@jsr/gest__framework/0.1.10.tgz", { "dependencies": { "commander": "^14.0.3", "dotenv": "^17.2.4", "zod": "^4.3.6" } }, "sha512-u4Ze9UrAX8y6f1dNvqd5sBC/dhJRYToZhL9HLA/gxEvXBZwRVTZ16iEv2MhX/szw9a1ajqOiCpSMTPrHUUfJkQ=="],

    "commander": ["commander@14.0.3", "", {}, "sha512-H+y0Jo/T1RZ9qPP4Eh1pkcQcLRglraJaSLoyOtHxu6AapkjWVCy2Sit1QQ4x3Dng8qDlSsZEet7g5Pq06MvTgw=="],

    "dotenv": ["dotenv@17.2.4", "", {}, "sha512-mudtfb4zRB4bVvdj0xRo+e6duH1csJRM8IukBqfTRvHotn9+LBXB8ynAidP9zHqoRC/fsllXgk4kCKlR21fIhw=="],

    "openapi3-ts": ["openapi3-ts@4.5.0", "", { "dependencies": { "yaml": "^2.8.0" } }, "sha512-jaL+HgTq2Gj5jRcfdutgRGLosCy/hT8sQf6VOy+P+g36cZOjI1iukdPnijC+4CmeRzg/jEllJUboEic2FhxhtQ=="],

    "yaml": ["yaml@2.8.2", "", { "bin": { "yaml": "bin.mjs" } }, "sha512-mplynKqc1C2hTVYxd0PU2xQAc22TI1vShAYGksCCfxbn/dFwnHTNi1bvYsBTkhdUNtGIf5xNOg938rrSSYvS9A=="],

    "zod": ["zod@4.3.6", "", {}, "sha512-rftlrkhHZOcjDwkGlnUtZZkvaPHCsDATp4pGpuOOMDaTdDDXF91wuVDJoWoPsKX/3YPQ5fHuF3STjcYyKr+Qhg=="],
  }
}
